// !$*UTF8*$!
{
	archiveVersion = 1;
	classes = {
	};
	objectVersion = 46;
	objects = {

/* Begin PBXBuildFile section */
		077C8973691031D9414AC9BC /* Pods_backlogForiOS.framework in Frameworks */ = {isa = PBXBuildFile; fileRef = A4791FFA1CBC4FB2EF06B184 /* Pods_backlogForiOS.framework */; };
		8E526D732B7A94522FC44D37 /* Pods_backlogForiOSUITests.framework in Frameworks */ = {isa = PBXBuildFile; fileRef = 9D2EEA3AEB55203C33DE12DA /* Pods_backlogForiOSUITests.framework */; };
		F14A6A1F43E438012B3FE4A0 /* Pods_backlogForiOSTests.framework in Frameworks */ = {isa = PBXBuildFile; fileRef = 28918EE270637E9A63E53AD5 /* Pods_backlogForiOSTests.framework */; };
		FF0C4BD41D1C1E3B005F2D84 /* BLFRealmManager.swift in Sources */ = {isa = PBXBuildFile; fileRef = FF0C4BD31D1C1E3B005F2D84 /* BLFRealmManager.swift */; };
		FF1C1BDF1D1AAC0900C3944B /* BLFTopListBaseViewController.swift in Sources */ = {isa = PBXBuildFile; fileRef = FF1C1BDE1D1AAC0900C3944B /* BLFTopListBaseViewController.swift */; };
		FF4F06FE1D19723D00E97062 /* AppDelegate.swift in Sources */ = {isa = PBXBuildFile; fileRef = FF4F06FD1D19723D00E97062 /* AppDelegate.swift */; };
		FF4F07061D19723D00E97062 /* backlogForiOS.xcdatamodeld in Sources */ = {isa = PBXBuildFile; fileRef = FF4F07041D19723D00E97062 /* backlogForiOS.xcdatamodeld */; };
		FF4F07081D19723D00E97062 /* Assets.xcassets in Resources */ = {isa = PBXBuildFile; fileRef = FF4F07071D19723D00E97062 /* Assets.xcassets */; };
		FF4F070B1D19723D00E97062 /* LaunchScreen.storyboard in Resources */ = {isa = PBXBuildFile; fileRef = FF4F07091D19723D00E97062 /* LaunchScreen.storyboard */; };
		FF4F07161D19723D00E97062 /* backlogForiOSTests.swift in Sources */ = {isa = PBXBuildFile; fileRef = FF4F07151D19723D00E97062 /* backlogForiOSTests.swift */; };
		FF4F07211D19723D00E97062 /* backlogForiOSUITests.swift in Sources */ = {isa = PBXBuildFile; fileRef = FF4F07201D19723D00E97062 /* backlogForiOSUITests.swift */; };
		FFEA2EDE1D1DE1D2005AEB47 /* BLFStoryRecodeCell.swift in Sources */ = {isa = PBXBuildFile; fileRef = FFEA2EDC1D1DE1D2005AEB47 /* BLFStoryRecodeCell.swift */; };
		FFEA2EDF1D1DE1D2005AEB47 /* BLFStoryRecodeCell.xib in Resources */ = {isa = PBXBuildFile; fileRef = FFEA2EDD1D1DE1D2005AEB47 /* BLFStoryRecodeCell.xib */; };
		FFEB37471D1C0C23000A1A0D /* BLFNewStoryViewController.swift in Sources */ = {isa = PBXBuildFile; fileRef = FFEB37461D1C0C23000A1A0D /* BLFNewStoryViewController.swift */; };
		FFF479281D1CD8C800219182 /* BLFStoryModel.swift in Sources */ = {isa = PBXBuildFile; fileRef = FFF479271D1CD8C800219182 /* BLFStoryModel.swift */; };
/* End PBXBuildFile section */

/* Begin PBXContainerItemProxy section */
		FF4F07121D19723D00E97062 /* PBXContainerItemProxy */ = {
			isa = PBXContainerItemProxy;
			containerPortal = FF4F06F21D19723D00E97062 /* Project object */;
			proxyType = 1;
			remoteGlobalIDString = FF4F06F91D19723D00E97062;
			remoteInfo = backlogForiOS;
		};
		FF4F071D1D19723D00E97062 /* PBXContainerItemProxy */ = {
			isa = PBXContainerItemProxy;
			containerPortal = FF4F06F21D19723D00E97062 /* Project object */;
			proxyType = 1;
			remoteGlobalIDString = FF4F06F91D19723D00E97062;
			remoteInfo = backlogForiOS;
		};
/* End PBXContainerItemProxy section */

/* Begin PBXFileReference section */
		110B3AC33B33EE104D0035D4 /* Pods-backlogForiOSUITests.release.xcconfig */ = {isa = PBXFileReference; includeInIndex = 1; lastKnownFileType = text.xcconfig; name = "Pods-backlogForiOSUITests.release.xcconfig"; path = "Pods/Target Support Files/Pods-backlogForiOSUITests/Pods-backlogForiOSUITests.release.xcconfig"; sourceTree = "<group>"; };
		28918EE270637E9A63E53AD5 /* Pods_backlogForiOSTests.framework */ = {isa = PBXFileReference; explicitFileType = wrapper.framework; includeInIndex = 0; path = Pods_backlogForiOSTests.framework; sourceTree = BUILT_PRODUCTS_DIR; };
		6356A31B2321C228038647B1 /* Pods-backlogForiOS.release.xcconfig */ = {isa = PBXFileReference; includeInIndex = 1; lastKnownFileType = text.xcconfig; name = "Pods-backlogForiOS.release.xcconfig"; path = "Pods/Target Support Files/Pods-backlogForiOS/Pods-backlogForiOS.release.xcconfig"; sourceTree = "<group>"; };
		66826C65E22F6026AC0FD5EC /* Pods-backlogForiOSTests.debug.xcconfig */ = {isa = PBXFileReference; includeInIndex = 1; lastKnownFileType = text.xcconfig; name = "Pods-backlogForiOSTests.debug.xcconfig"; path = "Pods/Target Support Files/Pods-backlogForiOSTests/Pods-backlogForiOSTests.debug.xcconfig"; sourceTree = "<group>"; };
		6FF24F95326CCB0ADFE9B96B /* Pods-backlogForiOS.debug.xcconfig */ = {isa = PBXFileReference; includeInIndex = 1; lastKnownFileType = text.xcconfig; name = "Pods-backlogForiOS.debug.xcconfig"; path = "Pods/Target Support Files/Pods-backlogForiOS/Pods-backlogForiOS.debug.xcconfig"; sourceTree = "<group>"; };
		9D2EEA3AEB55203C33DE12DA /* Pods_backlogForiOSUITests.framework */ = {isa = PBXFileReference; explicitFileType = wrapper.framework; includeInIndex = 0; path = Pods_backlogForiOSUITests.framework; sourceTree = BUILT_PRODUCTS_DIR; };
		A4791FFA1CBC4FB2EF06B184 /* Pods_backlogForiOS.framework */ = {isa = PBXFileReference; explicitFileType = wrapper.framework; includeInIndex = 0; path = Pods_backlogForiOS.framework; sourceTree = BUILT_PRODUCTS_DIR; };
		D26C8CCB701C0D4D6FEFA575 /* Pods-backlogForiOSUITests.debug.xcconfig */ = {isa = PBXFileReference; includeInIndex = 1; lastKnownFileType = text.xcconfig; name = "Pods-backlogForiOSUITests.debug.xcconfig"; path = "Pods/Target Support Files/Pods-backlogForiOSUITests/Pods-backlogForiOSUITests.debug.xcconfig"; sourceTree = "<group>"; };
		E2AD8FC016A1736101E6EF7A /* Pods-backlogForiOSTests.release.xcconfig */ = {isa = PBXFileReference; includeInIndex = 1; lastKnownFileType = text.xcconfig; name = "Pods-backlogForiOSTests.release.xcconfig"; path = "Pods/Target Support Files/Pods-backlogForiOSTests/Pods-backlogForiOSTests.release.xcconfig"; sourceTree = "<group>"; };
		FF0C4BD31D1C1E3B005F2D84 /* BLFRealmManager.swift */ = {isa = PBXFileReference; fileEncoding = 4; lastKnownFileType = sourcecode.swift; path = BLFRealmManager.swift; sourceTree = "<group>"; };
		FF1C1BDE1D1AAC0900C3944B /* BLFTopListBaseViewController.swift */ = {isa = PBXFileReference; fileEncoding = 4; lastKnownFileType = sourcecode.swift; path = BLFTopListBaseViewController.swift; sourceTree = "<group>"; };
		FF4F06FA1D19723D00E97062 /* backlogForiOS.app */ = {isa = PBXFileReference; explicitFileType = wrapper.application; includeInIndex = 0; path = backlogForiOS.app; sourceTree = BUILT_PRODUCTS_DIR; };
		FF4F06FD1D19723D00E97062 /* AppDelegate.swift */ = {isa = PBXFileReference; lastKnownFileType = sourcecode.swift; path = AppDelegate.swift; sourceTree = "<group>"; };
		FF4F07051D19723D00E97062 /* backlogForiOS.xcdatamodel */ = {isa = PBXFileReference; lastKnownFileType = wrapper.xcdatamodel; path = backlogForiOS.xcdatamodel; sourceTree = "<group>"; };
		FF4F07071D19723D00E97062 /* Assets.xcassets */ = {isa = PBXFileReference; lastKnownFileType = folder.assetcatalog; path = Assets.xcassets; sourceTree = "<group>"; };
		FF4F070A1D19723D00E97062 /* Base */ = {isa = PBXFileReference; lastKnownFileType = file.storyboard; name = Base; path = Base.lproj/LaunchScreen.storyboard; sourceTree = "<group>"; };
		FF4F070C1D19723D00E97062 /* Info.plist */ = {isa = PBXFileReference; lastKnownFileType = text.plist.xml; path = Info.plist; sourceTree = "<group>"; };
		FF4F07111D19723D00E97062 /* backlogForiOSTests.xctest */ = {isa = PBXFileReference; explicitFileType = wrapper.cfbundle; includeInIndex = 0; path = backlogForiOSTests.xctest; sourceTree = BUILT_PRODUCTS_DIR; };
		FF4F07151D19723D00E97062 /* backlogForiOSTests.swift */ = {isa = PBXFileReference; lastKnownFileType = sourcecode.swift; path = backlogForiOSTests.swift; sourceTree = "<group>"; };
		FF4F07171D19723D00E97062 /* Info.plist */ = {isa = PBXFileReference; lastKnownFileType = text.plist.xml; path = Info.plist; sourceTree = "<group>"; };
		FF4F071C1D19723D00E97062 /* backlogForiOSUITests.xctest */ = {isa = PBXFileReference; explicitFileType = wrapper.cfbundle; includeInIndex = 0; path = backlogForiOSUITests.xctest; sourceTree = BUILT_PRODUCTS_DIR; };
		FF4F07201D19723D00E97062 /* backlogForiOSUITests.swift */ = {isa = PBXFileReference; lastKnownFileType = sourcecode.swift; path = backlogForiOSUITests.swift; sourceTree = "<group>"; };
		FF4F07221D19723D00E97062 /* Info.plist */ = {isa = PBXFileReference; lastKnownFileType = text.plist.xml; path = Info.plist; sourceTree = "<group>"; };
		FFEA2EDC1D1DE1D2005AEB47 /* BLFStoryRecodeCell.swift */ = {isa = PBXFileReference; fileEncoding = 4; lastKnownFileType = sourcecode.swift; path = BLFStoryRecodeCell.swift; sourceTree = "<group>"; };
		FFEA2EDD1D1DE1D2005AEB47 /* BLFStoryRecodeCell.xib */ = {isa = PBXFileReference; fileEncoding = 4; lastKnownFileType = file.xib; path = BLFStoryRecodeCell.xib; sourceTree = "<group>"; };
		FFEB37461D1C0C23000A1A0D /* BLFNewStoryViewController.swift */ = {isa = PBXFileReference; fileEncoding = 4; lastKnownFileType = sourcecode.swift; path = BLFNewStoryViewController.swift; sourceTree = "<group>"; };
		FFF479271D1CD8C800219182 /* BLFStoryModel.swift */ = {isa = PBXFileReference; fileEncoding = 4; lastKnownFileType = sourcecode.swift; path = BLFStoryModel.swift; sourceTree = "<group>"; };
/* End PBXFileReference section */

/* Begin PBXFrameworksBuildPhase section */
		FF4F06F71D19723D00E97062 /* Frameworks */ = {
			isa = PBXFrameworksBuildPhase;
			buildActionMask = 2147483647;
			files = (
				077C8973691031D9414AC9BC /* Pods_backlogForiOS.framework in Frameworks */,
			);
			runOnlyForDeploymentPostprocessing = 0;
		};
		FF4F070E1D19723D00E97062 /* Frameworks */ = {
			isa = PBXFrameworksBuildPhase;
			buildActionMask = 2147483647;
			files = (
				F14A6A1F43E438012B3FE4A0 /* Pods_backlogForiOSTests.framework in Frameworks */,
			);
			runOnlyForDeploymentPostprocessing = 0;
		};
		FF4F07191D19723D00E97062 /* Frameworks */ = {
			isa = PBXFrameworksBuildPhase;
			buildActionMask = 2147483647;
			files = (
				8E526D732B7A94522FC44D37 /* Pods_backlogForiOSUITests.framework in Frameworks */,
			);
			runOnlyForDeploymentPostprocessing = 0;
		};
/* End PBXFrameworksBuildPhase section */

/* Begin PBXGroup section */
		8DE368837BD7C0B39495A6E6 /* Frameworks */ = {
			isa = PBXGroup;
			children = (
				A4791FFA1CBC4FB2EF06B184 /* Pods_backlogForiOS.framework */,
				28918EE270637E9A63E53AD5 /* Pods_backlogForiOSTests.framework */,
				9D2EEA3AEB55203C33DE12DA /* Pods_backlogForiOSUITests.framework */,
			);
			name = Frameworks;
			sourceTree = "<group>";
		};
		DA0D0A6B983960F72A5387AF /* Pods */ = {
			isa = PBXGroup;
			children = (
				6FF24F95326CCB0ADFE9B96B /* Pods-backlogForiOS.debug.xcconfig */,
				6356A31B2321C228038647B1 /* Pods-backlogForiOS.release.xcconfig */,
				66826C65E22F6026AC0FD5EC /* Pods-backlogForiOSTests.debug.xcconfig */,
				E2AD8FC016A1736101E6EF7A /* Pods-backlogForiOSTests.release.xcconfig */,
				D26C8CCB701C0D4D6FEFA575 /* Pods-backlogForiOSUITests.debug.xcconfig */,
				110B3AC33B33EE104D0035D4 /* Pods-backlogForiOSUITests.release.xcconfig */,
			);
			name = Pods;
			sourceTree = "<group>";
		};
		FF0A9A4F1D1D441C00B4DCFF /* Model */ = {
			isa = PBXGroup;
			children = (
				FFF479271D1CD8C800219182 /* BLFStoryModel.swift */,
			);
			name = Model;
			sourceTree = "<group>";
		};
		FF0C4BD51D1C23BC005F2D84 /* View */ = {
			isa = PBXGroup;
			children = (
				FFEB37461D1C0C23000A1A0D /* BLFNewStoryViewController.swift */,
				FF1C1BDE1D1AAC0900C3944B /* BLFTopListBaseViewController.swift */,
				FFEA2EDC1D1DE1D2005AEB47 /* BLFStoryRecodeCell.swift */,
				FFEA2EDD1D1DE1D2005AEB47 /* BLFStoryRecodeCell.xib */,
			);
			name = View;
			sourceTree = "<group>";
		};
		FF0C4BD61D1C23DB005F2D84 /* Manager */ = {
			isa = PBXGroup;
			children = (
				FF0C4BD31D1C1E3B005F2D84 /* BLFRealmManager.swift */,
			);
			name = Manager;
			sourceTree = "<group>";
		};
		FF4F06F11D19723D00E97062 = {
			isa = PBXGroup;
			children = (
				FF4F06FC1D19723D00E97062 /* backlogForiOS */,
				FF4F07141D19723D00E97062 /* backlogForiOSTests */,
				FF4F071F1D19723D00E97062 /* backlogForiOSUITests */,
				FF4F06FB1D19723D00E97062 /* Products */,
				DA0D0A6B983960F72A5387AF /* Pods */,
				8DE368837BD7C0B39495A6E6 /* Frameworks */,
			);
			sourceTree = "<group>";
		};
		FF4F06FB1D19723D00E97062 /* Products */ = {
			isa = PBXGroup;
			children = (
				FF4F06FA1D19723D00E97062 /* backlogForiOS.app */,
				FF4F07111D19723D00E97062 /* backlogForiOSTests.xctest */,
				FF4F071C1D19723D00E97062 /* backlogForiOSUITests.xctest */,
			);
			name = Products;
			sourceTree = "<group>";
		};
		FF4F06FC1D19723D00E97062 /* backlogForiOS */ = {
			isa = PBXGroup;
			children = (
				FF4F06FD1D19723D00E97062 /* AppDelegate.swift */,
				FF0C4BD51D1C23BC005F2D84 /* View */,
				FF0C4BD61D1C23DB005F2D84 /* Manager */,
				FF0A9A4F1D1D441C00B4DCFF /* Model */,
				FF4F07071D19723D00E97062 /* Assets.xcassets */,
				FF4F07041D19723D00E97062 /* backlogForiOS.xcdatamodeld */,
				FF4F070C1D19723D00E97062 /* Info.plist */,
				FF4F07091D19723D00E97062 /* LaunchScreen.storyboard */,
			);
			path = backlogForiOS;
			sourceTree = "<group>";
		};
		FF4F07141D19723D00E97062 /* backlogForiOSTests */ = {
			isa = PBXGroup;
			children = (
				FF4F07151D19723D00E97062 /* backlogForiOSTests.swift */,
				FF4F07171D19723D00E97062 /* Info.plist */,
			);
			path = backlogForiOSTests;
			sourceTree = "<group>";
		};
		FF4F071F1D19723D00E97062 /* backlogForiOSUITests */ = {
			isa = PBXGroup;
			children = (
				FF4F07201D19723D00E97062 /* backlogForiOSUITests.swift */,
				FF4F07221D19723D00E97062 /* Info.plist */,
			);
			path = backlogForiOSUITests;
			sourceTree = "<group>";
		};
/* End PBXGroup section */

/* Begin PBXNativeTarget section */
		FF4F06F91D19723D00E97062 /* backlogForiOS */ = {
			isa = PBXNativeTarget;
			buildConfigurationList = FF4F07251D19723D00E97062 /* Build configuration list for PBXNativeTarget "backlogForiOS" */;
			buildPhases = (
				AA90819F078FA6B1DD9316E9 /* [CP] Check Pods Manifest.lock */,
				FF4F06F61D19723D00E97062 /* Sources */,
				FF4F06F71D19723D00E97062 /* Frameworks */,
				FF4F06F81D19723D00E97062 /* Resources */,
				BB0B36A1F95F01092B59851F /* [CP] Embed Pods Frameworks */,
				B876A2DF0B0B6387A0244D0D /* [CP] Copy Pods Resources */,
			);
			buildRules = (
			);
			dependencies = (
			);
			name = backlogForiOS;
			productName = backlogForiOS;
			productReference = FF4F06FA1D19723D00E97062 /* backlogForiOS.app */;
			productType = "com.apple.product-type.application";
		};
		FF4F07101D19723D00E97062 /* backlogForiOSTests */ = {
			isa = PBXNativeTarget;
			buildConfigurationList = FF4F07281D19723D00E97062 /* Build configuration list for PBXNativeTarget "backlogForiOSTests" */;
			buildPhases = (
				E05CE105ABADF0BA9D560882 /* [CP] Check Pods Manifest.lock */,
				FF4F070D1D19723D00E97062 /* Sources */,
				FF4F070E1D19723D00E97062 /* Frameworks */,
				FF4F070F1D19723D00E97062 /* Resources */,
				199A3740ADFCBAEA0AD7F9E4 /* [CP] Embed Pods Frameworks */,
				12406C473C75FE5EDE03B648 /* [CP] Copy Pods Resources */,
			);
			buildRules = (
			);
			dependencies = (
				FF4F07131D19723D00E97062 /* PBXTargetDependency */,
			);
			name = backlogForiOSTests;
			productName = backlogForiOSTests;
			productReference = FF4F07111D19723D00E97062 /* backlogForiOSTests.xctest */;
			productType = "com.apple.product-type.bundle.unit-test";
		};
		FF4F071B1D19723D00E97062 /* backlogForiOSUITests */ = {
			isa = PBXNativeTarget;
			buildConfigurationList = FF4F072B1D19723D00E97062 /* Build configuration list for PBXNativeTarget "backlogForiOSUITests" */;
			buildPhases = (
				7058FFB751199B18892DF8F0 /* [CP] Check Pods Manifest.lock */,
				FF4F07181D19723D00E97062 /* Sources */,
				FF4F07191D19723D00E97062 /* Frameworks */,
				FF4F071A1D19723D00E97062 /* Resources */,
				5E8AC69B96154A87B2700D58 /* [CP] Copy Pods Resources */,
			);
			buildRules = (
			);
			dependencies = (
				FF4F071E1D19723D00E97062 /* PBXTargetDependency */,
			);
			name = backlogForiOSUITests;
			productName = backlogForiOSUITests;
			productReference = FF4F071C1D19723D00E97062 /* backlogForiOSUITests.xctest */;
			productType = "com.apple.product-type.bundle.ui-testing";
		};
/* End PBXNativeTarget section */

/* Begin PBXProject section */
		FF4F06F21D19723D00E97062 /* Project object */ = {
			isa = PBXProject;
			attributes = {
				LastUpgradeCheck = 0700;
				ORGANIZATIONNAME = tomoki;
				TargetAttributes = {
					FF4F06F91D19723D00E97062 = {
						CreatedOnToolsVersion = 7.0;
					};
					FF4F07101D19723D00E97062 = {
						CreatedOnToolsVersion = 7.0;
						TestTargetID = FF4F06F91D19723D00E97062;
					};
					FF4F071B1D19723D00E97062 = {
						CreatedOnToolsVersion = 7.0;
						TestTargetID = FF4F06F91D19723D00E97062;
					};
				};
			};
			buildConfigurationList = FF4F06F51D19723D00E97062 /* Build configuration list for PBXProject "backlogForiOS" */;
			compatibilityVersion = "Xcode 3.2";
			developmentRegion = English;
			hasScannedForEncodings = 0;
			knownRegions = (
				en,
				Base,
			);
			mainGroup = FF4F06F11D19723D00E97062;
			productRefGroup = FF4F06FB1D19723D00E97062 /* Products */;
			projectDirPath = "";
			projectRoot = "";
			targets = (
				FF4F06F91D19723D00E97062 /* backlogForiOS */,
				FF4F07101D19723D00E97062 /* backlogForiOSTests */,
				FF4F071B1D19723D00E97062 /* backlogForiOSUITests */,
			);
		};
/* End PBXProject section */

/* Begin PBXResourcesBuildPhase section */
		FF4F06F81D19723D00E97062 /* Resources */ = {
			isa = PBXResourcesBuildPhase;
			buildActionMask = 2147483647;
			files = (
				FFEA2EDF1D1DE1D2005AEB47 /* BLFStoryRecodeCell.xib in Resources */,
				FF4F070B1D19723D00E97062 /* LaunchScreen.storyboard in Resources */,
				FF4F07081D19723D00E97062 /* Assets.xcassets in Resources */,
			);
			runOnlyForDeploymentPostprocessing = 0;
		};
		FF4F070F1D19723D00E97062 /* Resources */ = {
			isa = PBXResourcesBuildPhase;
			buildActionMask = 2147483647;
			files = (
			);
			runOnlyForDeploymentPostprocessing = 0;
		};
		FF4F071A1D19723D00E97062 /* Resources */ = {
			isa = PBXResourcesBuildPhase;
			buildActionMask = 2147483647;
			files = (
			);
			runOnlyForDeploymentPostprocessing = 0;
		};
/* End PBXResourcesBuildPhase section */

/* Begin PBXShellScriptBuildPhase section */
		12406C473C75FE5EDE03B648 /* [CP] Copy Pods Resources */ = {
			isa = PBXShellScriptBuildPhase;
			buildActionMask = 2147483647;
			files = (
			);
			inputPaths = (
			);
			name = "[CP] Copy Pods Resources";
			outputPaths = (
			);
			runOnlyForDeploymentPostprocessing = 0;
			shellPath = /bin/sh;
			shellScript = "\"${SRCROOT}/Pods/Target Support Files/Pods-backlogForiOSTests/Pods-backlogForiOSTests-resources.sh\"\n";
			showEnvVarsInLog = 0;
		};
		199A3740ADFCBAEA0AD7F9E4 /* [CP] Embed Pods Frameworks */ = {
			isa = PBXShellScriptBuildPhase;
			buildActionMask = 2147483647;
			files = (
			);
			inputPaths = (
			);
			name = "[CP] Embed Pods Frameworks";
			outputPaths = (
			);
			runOnlyForDeploymentPostprocessing = 0;
			shellPath = /bin/sh;
			shellScript = "\"${SRCROOT}/Pods/Target Support Files/Pods-backlogForiOSTests/Pods-backlogForiOSTests-frameworks.sh\"\n";
			showEnvVarsInLog = 0;
		};
		5E8AC69B96154A87B2700D58 /* [CP] Copy Pods Resources */ = {
			isa = PBXShellScriptBuildPhase;
			buildActionMask = 2147483647;
			files = (
			);
			inputPaths = (
			);
			name = "[CP] Copy Pods Resources";
			outputPaths = (
			);
			runOnlyForDeploymentPostprocessing = 0;
			shellPath = /bin/sh;
			shellScript = "\"${SRCROOT}/Pods/Target Support Files/Pods-backlogForiOSUITests/Pods-backlogForiOSUITests-resources.sh\"\n";
			showEnvVarsInLog = 0;
		};
		7058FFB751199B18892DF8F0 /* [CP] Check Pods Manifest.lock */ = {
			isa = PBXShellScriptBuildPhase;
			buildActionMask = 2147483647;
			files = (
			);
			inputPaths = (
			);
			name = "[CP] Check Pods Manifest.lock";
			outputPaths = (
			);
			runOnlyForDeploymentPostprocessing = 0;
			shellPath = /bin/sh;
			shellScript = "diff \"${PODS_ROOT}/../Podfile.lock\" \"${PODS_ROOT}/Manifest.lock\" > /dev/null\nif [[ $? != 0 ]] ; then\n    cat << EOM\nerror: The sandbox is not in sync with the Podfile.lock. Run 'pod install' or update your CocoaPods installation.\nEOM\n    exit 1\nfi\n";
			showEnvVarsInLog = 0;
		};
		AA90819F078FA6B1DD9316E9 /* [CP] Check Pods Manifest.lock */ = {
			isa = PBXShellScriptBuildPhase;
			buildActionMask = 2147483647;
			files = (
			);
			inputPaths = (
			);
			name = "[CP] Check Pods Manifest.lock";
			outputPaths = (
			);
			runOnlyForDeploymentPostprocessing = 0;
			shellPath = /bin/sh;
			shellScript = "diff \"${PODS_ROOT}/../Podfile.lock\" \"${PODS_ROOT}/Manifest.lock\" > /dev/null\nif [[ $? != 0 ]] ; then\n    cat << EOM\nerror: The sandbox is not in sync with the Podfile.lock. Run 'pod install' or update your CocoaPods installation.\nEOM\n    exit 1\nfi\n";
			showEnvVarsInLog = 0;
		};
		B876A2DF0B0B6387A0244D0D /* [CP] Copy Pods Resources */ = {
			isa = PBXShellScriptBuildPhase;
			buildActionMask = 2147483647;
			files = (
			);
			inputPaths = (
			);
			name = "[CP] Copy Pods Resources";
			outputPaths = (
			);
			runOnlyForDeploymentPostprocessing = 0;
			shellPath = /bin/sh;
			shellScript = "\"${SRCROOT}/Pods/Target Support Files/Pods-backlogForiOS/Pods-backlogForiOS-resources.sh\"\n";
			showEnvVarsInLog = 0;
		};
		BB0B36A1F95F01092B59851F /* [CP] Embed Pods Frameworks */ = {
			isa = PBXShellScriptBuildPhase;
			buildActionMask = 2147483647;
			files = (
			);
			inputPaths = (
			);
			name = "[CP] Embed Pods Frameworks";
			outputPaths = (
			);
			runOnlyForDeploymentPostprocessing = 0;
			shellPath = /bin/sh;
			shellScript = "\"${SRCROOT}/Pods/Target Support Files/Pods-backlogForiOS/Pods-backlogForiOS-frameworks.sh\"\n";
			showEnvVarsInLog = 0;
		};
		E05CE105ABADF0BA9D560882 /* [CP] Check Pods Manifest.lock */ = {
			isa = PBXShellScriptBuildPhase;
			buildActionMask = 2147483647;
			files = (
			);
			inputPaths = (
			);
			name = "[CP] Check Pods Manifest.lock";
			outputPaths = (
			);
			runOnlyForDeploymentPostprocessing = 0;
			shellPath = /bin/sh;
			shellScript = "diff \"${PODS_ROOT}/../Podfile.lock\" \"${PODS_ROOT}/Manifest.lock\" > /dev/null\nif [[ $? != 0 ]] ; then\n    cat << EOM\nerror: The sandbox is not in sync with the Podfile.lock. Run 'pod install' or update your CocoaPods installation.\nEOM\n    exit 1\nfi\n";
			showEnvVarsInLog = 0;
		};
/* End PBXShellScriptBuildPhase section */

/* Begin PBXSourcesBuildPhase section */
		FF4F06F61D19723D00E97062 /* Sources */ = {
			isa = PBXSourcesBuildPhase;
			buildActionMask = 2147483647;
			files = (
				FFEB37471D1C0C23000A1A0D /* BLFNewStoryViewController.swift in Sources */,
				FF4F06FE1D19723D00E97062 /* AppDelegate.swift in Sources */,
				FFEA2EDE1D1DE1D2005AEB47 /* BLFStoryRecodeCell.swift in Sources */,
				FF0C4BD41D1C1E3B005F2D84 /* BLFRealmManager.swift in Sources */,
				FF4F07061D19723D00E97062 /* backlogForiOS.xcdatamodeld in Sources */,
				FFF479281D1CD8C800219182 /* BLFStoryModel.swift in Sources */,
				FF1C1BDF1D1AAC0900C3944B /* BLFTopListBaseViewController.swift in Sources */,
			);
			runOnlyForDeploymentPostprocessing = 0;
		};
		FF4F070D1D19723D00E97062 /* Sources */ = {
			isa = PBXSourcesBuildPhase;
			buildActionMask = 2147483647;
			files = (
				FF4F07161D19723D00E97062 /* backlogForiOSTests.swift in Sources */,
			);
			runOnlyForDeploymentPostprocessing = 0;
		};
		FF4F07181D19723D00E97062 /* Sources */ = {
			isa = PBXSourcesBuildPhase;
			buildActionMask = 2147483647;
			files = (
				FF4F07211D19723D00E97062 /* backlogForiOSUITests.swift in Sources */,
			);
			runOnlyForDeploymentPostprocessing = 0;
		};
/* End PBXSourcesBuildPhase section */

/* Begin PBXTargetDependency section */
		FF4F07131D19723D00E97062 /* PBXTargetDependency */ = {
			isa = PBXTargetDependency;
			target = FF4F06F91D19723D00E97062 /* backlogForiOS */;
			targetProxy = FF4F07121D19723D00E97062 /* PBXContainerItemProxy */;
		};
		FF4F071E1D19723D00E97062 /* PBXTargetDependency */ = {
			isa = PBXTargetDependency;
			target = FF4F06F91D19723D00E97062 /* backlogForiOS */;
			targetProxy = FF4F071D1D19723D00E97062 /* PBXContainerItemProxy */;
		};
/* End PBXTargetDependency section */

/* Begin PBXVariantGroup section */
		FF4F07091D19723D00E97062 /* LaunchScreen.storyboard */ = {
			isa = PBXVariantGroup;
			children = (
				FF4F070A1D19723D00E97062 /* Base */,
			);
			name = LaunchScreen.storyboard;
			sourceTree = "<group>";
		};
/* End PBXVariantGroup section */

/* Begin XCBuildConfiguration section */
		FF4F07231D19723D00E97062 /* Debug */ = {
			isa = XCBuildConfiguration;
			buildSettings = {
				ALWAYS_SEARCH_USER_PATHS = NO;
				CLANG_CXX_LANGUAGE_STANDARD = "gnu++0x";
				CLANG_CXX_LIBRARY = "libc++";
				CLANG_ENABLE_MODULES = YES;
				CLANG_ENABLE_OBJC_ARC = YES;
				CLANG_WARN_BOOL_CONVERSION = YES;
				CLANG_WARN_CONSTANT_CONVERSION = YES;
				CLANG_WARN_DIRECT_OBJC_ISA_USAGE = YES_ERROR;
				CLANG_WARN_EMPTY_BODY = YES;
				CLANG_WARN_ENUM_CONVERSION = YES;
				CLANG_WARN_INT_CONVERSION = YES;
				CLANG_WARN_OBJC_ROOT_CLASS = YES_ERROR;
				CLANG_WARN_UNREACHABLE_CODE = YES;
				CLANG_WARN__DUPLICATE_METHOD_MATCH = YES;
				"CODE_SIGN_IDENTITY[sdk=iphoneos*]" = "iPhone Developer";
				COPY_PHASE_STRIP = NO;
				DEBUG_INFORMATION_FORMAT = dwarf;
				ENABLE_STRICT_OBJC_MSGSEND = YES;
				ENABLE_TESTABILITY = YES;
				GCC_C_LANGUAGE_STANDARD = gnu99;
				GCC_DYNAMIC_NO_PIC = NO;
				GCC_NO_COMMON_BLOCKS = YES;
				GCC_OPTIMIZATION_LEVEL = 0;
				GCC_PREPROCESSOR_DEFINITIONS = (
					"DEBUG=1",
					"$(inherited)",
				);
				GCC_WARN_64_TO_32_BIT_CONVERSION = YES;
				GCC_WARN_ABOUT_RETURN_TYPE = YES_ERROR;
				GCC_WARN_UNDECLARED_SELECTOR = YES;
				GCC_WARN_UNINITIALIZED_AUTOS = YES_AGGRESSIVE;
				GCC_WARN_UNUSED_FUNCTION = YES;
				GCC_WARN_UNUSED_VARIABLE = YES;
				IPHONEOS_DEPLOYMENT_TARGET = 9.0;
				MTL_ENABLE_DEBUG_INFO = YES;
				ONLY_ACTIVE_ARCH = YES;
				SDKROOT = iphoneos;
				SWIFT_OPTIMIZATION_LEVEL = "-Onone";
			};
			name = Debug;
		};
		FF4F07241D19723D00E97062 /* Release */ = {
			isa = XCBuildConfiguration;
			buildSettings = {
				ALWAYS_SEARCH_USER_PATHS = NO;
				CLANG_CXX_LANGUAGE_STANDARD = "gnu++0x";
				CLANG_CXX_LIBRARY = "libc++";
				CLANG_ENABLE_MODULES = YES;
				CLANG_ENABLE_OBJC_ARC = YES;
				CLANG_WARN_BOOL_CONVERSION = YES;
				CLANG_WARN_CONSTANT_CONVERSION = YES;
				CLANG_WARN_DIRECT_OBJC_ISA_USAGE = YES_ERROR;
				CLANG_WARN_EMPTY_BODY = YES;
				CLANG_WARN_ENUM_CONVERSION = YES;
				CLANG_WARN_INT_CONVERSION = YES;
				CLANG_WARN_OBJC_ROOT_CLASS = YES_ERROR;
				CLANG_WARN_UNREACHABLE_CODE = YES;
				CLANG_WARN__DUPLICATE_METHOD_MATCH = YES;
				"CODE_SIGN_IDENTITY[sdk=iphoneos*]" = "iPhone Developer";
				COPY_PHASE_STRIP = NO;
				DEBUG_INFORMATION_FORMAT = "dwarf-with-dsym";
				ENABLE_NS_ASSERTIONS = NO;
				ENABLE_STRICT_OBJC_MSGSEND = YES;
				GCC_C_LANGUAGE_STANDARD = gnu99;
				GCC_NO_COMMON_BLOCKS = YES;
				GCC_WARN_64_TO_32_BIT_CONVERSION = YES;
				GCC_WARN_ABOUT_RETURN_TYPE = YES_ERROR;
				GCC_WARN_UNDECLARED_SELECTOR = YES;
				GCC_WARN_UNINITIALIZED_AUTOS = YES_AGGRESSIVE;
				GCC_WARN_UNUSED_FUNCTION = YES;
				GCC_WARN_UNUSED_VARIABLE = YES;
				IPHONEOS_DEPLOYMENT_TARGET = 9.0;
				MTL_ENABLE_DEBUG_INFO = NO;
				SDKROOT = iphoneos;
				VALIDATE_PRODUCT = YES;
			};
			name = Release;
		};
		FF4F07261D19723D00E97062 /* Debug */ = {
			isa = XCBuildConfiguration;
			baseConfigurationReference = 6FF24F95326CCB0ADFE9B96B /* Pods-backlogForiOS.debug.xcconfig */;
			buildSettings = {
				ASSETCATALOG_COMPILER_APPICON_NAME = AppIcon;
				INFOPLIST_FILE = backlogForiOS/Info.plist;
				IPHONEOS_DEPLOYMENT_TARGET = 8.4;
				LD_RUNPATH_SEARCH_PATHS = "$(inherited) @executable_path/Frameworks";
				PRODUCT_BUNDLE_IDENTIFIER = tomoki.com.backlogForiOS;
				PRODUCT_NAME = "$(TARGET_NAME)";
			};
			name = Debug;
		};
		FF4F07271D19723D00E97062 /* Release */ = {
			isa = XCBuildConfiguration;
			baseConfigurationReference = 6356A31B2321C228038647B1 /* Pods-backlogForiOS.release.xcconfig */;
			buildSettings = {
				ASSETCATALOG_COMPILER_APPICON_NAME = AppIcon;
				INFOPLIST_FILE = backlogForiOS/Info.plist;
				IPHONEOS_DEPLOYMENT_TARGET = 8.4;
				LD_RUNPATH_SEARCH_PATHS = "$(inherited) @executable_path/Frameworks";
				PRODUCT_BUNDLE_IDENTIFIER = tomoki.com.backlogForiOS;
				PRODUCT_NAME = "$(TARGET_NAME)";
			};
			name = Release;
		};
		FF4F07291D19723D00E97062 /* Debug */ = {
			isa = XCBuildConfiguration;
			baseConfigurationReference = 66826C65E22F6026AC0FD5EC /* Pods-backlogForiOSTests.debug.xcconfig */;
			buildSettings = {
				BUNDLE_LOADER = "$(TEST_HOST)";
				INFOPLIST_FILE = backlogForiOSTests/Info.plist;
				LD_RUNPATH_SEARCH_PATHS = "$(inherited) @executable_path/Frameworks @loader_path/Frameworks";
				PRODUCT_BUNDLE_IDENTIFIER = tomoki.com.backlogForiOSTests;
				PRODUCT_NAME = "$(TARGET_NAME)";
				TEST_HOST = "$(BUILT_PRODUCTS_DIR)/backlogForiOS.app/backlogForiOS";
			};
			name = Debug;
		};
		FF4F072A1D19723D00E97062 /* Release */ = {
			isa = XCBuildConfiguration;
			baseConfigurationReference = E2AD8FC016A1736101E6EF7A /* Pods-backlogForiOSTests.release.xcconfig */;
			buildSettings = {
				BUNDLE_LOADER = "$(TEST_HOST)";
				INFOPLIST_FILE = backlogForiOSTests/Info.plist;
				LD_RUNPATH_SEARCH_PATHS = "$(inherited) @executable_path/Frameworks @loader_path/Frameworks";
				PRODUCT_BUNDLE_IDENTIFIER = tomoki.com.backlogForiOSTests;
				PRODUCT_NAME = "$(TARGET_NAME)";
				TEST_HOST = "$(BUILT_PRODUCTS_DIR)/backlogForiOS.app/backlogForiOS";
			};
			name = Release;
		};
		FF4F072C1D19723D00E97062 /* Debug */ = {
			isa = XCBuildConfiguration;
			baseConfigurationReference = D26C8CCB701C0D4D6FEFA575 /* Pods-backlogForiOSUITests.debug.xcconfig */;
			buildSettings = {
				INFOPLIST_FILE = backlogForiOSUITests/Info.plist;
				LD_RUNPATH_SEARCH_PATHS = "$(inherited) @executable_path/Frameworks @loader_path/Frameworks";
				PRODUCT_BUNDLE_IDENTIFIER = tomoki.com.backlogForiOSUITests;
				PRODUCT_NAME = "$(TARGET_NAME)";
				TEST_TARGET_NAME = backlogForiOS;
				USES_XCTRUNNER = YES;
			};
			name = Debug;
		};
		FF4F072D1D19723D00E97062 /* Release */ = {
			isa = XCBuildConfiguration;
			baseConfigurationReference = 110B3AC33B33EE104D0035D4 /* Pods-backlogForiOSUITests.release.xcconfig */;
			buildSettings = {
				INFOPLIST_FILE = backlogForiOSUITests/Info.plist;
				LD_RUNPATH_SEARCH_PATHS = "$(inherited) @executable_path/Frameworks @loader_path/Frameworks";
				PRODUCT_BUNDLE_IDENTIFIER = tomoki.com.backlogForiOSUITests;
				PRODUCT_NAME = "$(TARGET_NAME)";
				TEST_TARGET_NAME = backlogForiOS;
				USES_XCTRUNNER = YES;
			};
			name = Release;
		};
/* End XCBuildConfiguration section */

/* Begin XCConfigurationList section */
		FF4F06F51D19723D00E97062 /* Build configuration list for PBXProject "backlogForiOS" */ = {
			isa = XCConfigurationList;
			buildConfigurations = (
				FF4F07231D19723D00E97062 /* Debug */,
				FF4F07241D19723D00E97062 /* Release */,
			);
			defaultConfigurationIsVisible = 0;
			defaultConfigurationName = Release;
		};
		FF4F07251D19723D00E97062 /* Build configuration list for PBXNativeTarget "backlogForiOS" */ = {
			isa = XCConfigurationList;
			buildConfigurations = (
				FF4F07261D19723D00E97062 /* Debug */,
				FF4F07271D19723D00E97062 /* Release */,
			);
			defaultConfigurationIsVisible = 0;
			defaultConfigurationName = Release;
		};
		FF4F07281D19723D00E97062 /* Build configuration list for PBXNativeTarget "backlogForiOSTests" */ = {
			isa = XCConfigurationList;
			buildConfigurations = (
				FF4F07291D19723D00E97062 /* Debug */,
				FF4F072A1D19723D00E97062 /* Release */,
			);
			defaultConfigurationIsVisible = 0;
			defaultConfigurationName = Release;
		};
		FF4F072B1D19723D00E97062 /* Build configuration list for PBXNativeTarget "backlogForiOSUITests" */ = {
			isa = XCConfigurationList;
			buildConfigurations = (
				FF4F072C1D19723D00E97062 /* Debug */,
				FF4F072D1D19723D00E97062 /* Release */,
			);
			defaultConfigurationIsVisible = 0;
			defaultConfigurationName = Release;
		};
/* End XCConfigurationList section */

/* Begin XCVersionGroup section */
		FF4F07041D19723D00E97062 /* backlogForiOS.xcdatamodeld */ = {
			isa = XCVersionGroup;
			children = (
				FF4F07051D19723D00E97062 /* backlogForiOS.xcdatamodel */,
			);
			currentVersion = FF4F07051D19723D00E97062 /* backlogForiOS.xcdatamodel */;
			path = backlogForiOS.xcdatamodeld;
			sourceTree = "<group>";
			versionGroupType = wrapper.xcdatamodel;
		};
/* End XCVersionGroup section */
	};
	rootObject = FF4F06F21D19723D00E97062 /* Project object */;
}
